
Microsoft Visual Studio Solution File, Format Version 12.00
# Visual Studio Version 17
VisualStudioVersion = 17.0.31903.59
MinimumVisualStudioVersion = 10.0.40219.1
Project("{2150E333-8FDC-42A3-9474-1A3956D46DE8}") = "Shared", "Shared", "{4F52FD11-658E-A102-6CD3-7D7C16FFA15B}"
EndProject
Project("{2150E333-8FDC-42A3-9474-1A3956D46DE8}") = "Domain", "Domain", "{B78A39BB-EFA7-05CB-3820-193A492A810C}"
EndProject
Project("{FAE04EC0-301F-11D3-BF4B-00C04F79EFBC}") = "Shared.Domain", "backend\shared\Domain\Shared.Domain.csproj", "{9964C69C-1284-436D-A93C-263B4FA26A7B}"
EndProject
Project("{2150E333-8FDC-42A3-9474-1A3956D46DE8}") = "Application", "Application", "{2D035A4D-AF61-D649-F5F7-A54561A3CFF4}"
EndProject
Project("{FAE04EC0-301F-11D3-BF4B-00C04F79EFBC}") = "Shared.Application", "backend\shared\Application\Shared.Application.csproj", "{180FE240-86A5-4F71-9F8C-BAE7F7BD00C7}"
EndProject
Project("{2150E333-8FDC-42A3-9474-1A3956D46DE8}") = "Infrastructure", "Infrastructure", "{80116189-D5F9-D6EC-C98D-5F7DB2F1B3A1}"
EndProject
Project("{FAE04EC0-301F-11D3-BF4B-00C04F79EFBC}") = "Shared.Infrastructure", "backend\shared\Infrastructure\Shared.Infrastructure.csproj", "{093C4427-AAE9-48A4-B085-0D4327497D4B}"
EndProject
Project("{2150E333-8FDC-42A3-9474-1A3956D46DE8}") = "OrderService", "OrderService", "{1CDB8257-D98E-AF38-204D-5645D4EEB404}"
EndProject
Project("{2150E333-8FDC-42A3-9474-1A3956D46DE8}") = "src", "src", "{B7002682-C511-B755-F4DA-019F023A936F}"
EndProject
Project("{FAE04EC0-301F-11D3-BF4B-00C04F79EFBC}") = "OrderService.Domain", "backend\services\OrderService\src\OrderService.Domain\OrderService.Domain.csproj", "{60B0044E-5E22-4ABF-A1F6-DD655C05DDBB}"
EndProject
Project("{FAE04EC0-301F-11D3-BF4B-00C04F79EFBC}") = "OrderService.Application", "backend\services\OrderService\src\OrderService.Application\OrderService.Application.csproj", "{A4B45029-1AE8-4B29-9323-9E4C9F1458A7}"
EndProject
Project("{FAE04EC0-301F-11D3-BF4B-00C04F79EFBC}") = "OrderService.Infrastructure", "backend\services\OrderService\src\OrderService.Infrastructure\OrderService.Infrastructure.csproj", "{DAFA445C-C796-4B8A-9EFE-98514DEA01F7}"
EndProject
Project("{FAE04EC0-301F-11D3-BF4B-00C04F79EFBC}") = "OrderService.Api", "backend\services\OrderService\src\OrderService.Api\OrderService.Api.csproj", "{F39BED0B-F69F-4B0A-8D04-8569CD6D09CC}"
EndProject
Project("{2150E333-8FDC-42A3-9474-1A3956D46DE8}") = "tests", "tests", "{D2505B2E-017E-9361-BC88-2ABC8DB4C32B}"
EndProject
Project("{FAE04EC0-301F-11D3-BF4B-00C04F79EFBC}") = "OrderService.UnitTests", "backend\services\OrderService\tests\OrderService.UnitTests\OrderService.UnitTests.csproj", "{A7CFF56E-DA70-4BB2-B9B0-7FB7B77FF50D}"
EndProject
Project("{FAE04EC0-301F-11D3-BF4B-00C04F79EFBC}") = "OrderService.IntegrationTests", "backend\services\OrderService\tests\OrderService.IntegrationTests\OrderService.IntegrationTests.csproj", "{4D2DA476-6782-4CCC-924E-1175898A0DDF}"
EndProject
Project("{2150E333-8FDC-42A3-9474-1A3956D46DE8}") = "AuthService", "AuthService", "{54C27F26-71CB-9721-02CF-9E5332C2F895}"
EndProject
Project("{2150E333-8FDC-42A3-9474-1A3956D46DE8}") = "src", "src", "{FDD3B01D-2D1E-62BC-06E4-AC249E101CD7}"
EndProject
Project("{FAE04EC0-301F-11D3-BF4B-00C04F79EFBC}") = "AuthService.Domain", "backend\services\AuthService\src\AuthService.Domain\AuthService.Domain.csproj", "{452CE2DF-DD01-4898-AC96-2131D4D921FF}"
EndProject
Project("{FAE04EC0-301F-11D3-BF4B-00C04F79EFBC}") = "AuthService.Application", "backend\services\AuthService\src\AuthService.Application\AuthService.Application.csproj", "{D21F4A80-8557-4345-BCAF-09BD506AFEA7}"
EndProject
Project("{FAE04EC0-301F-11D3-BF4B-00C04F79EFBC}") = "AuthService.Infrastructure", "backend\services\AuthService\src\AuthService.Infrastructure\AuthService.Infrastructure.csproj", "{7550CAED-E051-4309-8F5A-A0999DB5BD9F}"
EndProject
Project("{FAE04EC0-301F-11D3-BF4B-00C04F79EFBC}") = "AuthService.Api", "backend\services\AuthService\src\AuthService.Api\AuthService.Api.csproj", "{0BE3CD0D-0B54-438D-A0A9-9EF9F0A4943E}"
EndProject
Project("{2150E333-8FDC-42A3-9474-1A3956D46DE8}") = "tests", "tests", "{AF531F21-14D5-E161-8F78-37D6050257F8}"
EndProject
Project("{FAE04EC0-301F-11D3-BF4B-00C04F79EFBC}") = "AuthService.UnitTests", "backend\services\AuthService\tests\AuthService.UnitTests\AuthService.UnitTests.csproj", "{1CF30A14-EA19-4A82-BF27-0E051818C120}"
EndProject
Project("{FAE04EC0-301F-11D3-BF4B-00C04F79EFBC}") = "AuthService.IntegrationTests", "backend\services\AuthService\tests\AuthService.IntegrationTests\AuthService.IntegrationTests.csproj", "{F5E4B35F-73B2-49CA-AA4C-3350B32EBEC9}"
EndProject
Project("{2150E333-8FDC-42A3-9474-1A3956D46DE8}") = "NotificationService", "NotificationService", "{0BAE62A9-2200-0262-2CB5-8EE825167370}"
EndProject
Project("{2150E333-8FDC-42A3-9474-1A3956D46DE8}") = "src", "src", "{30993AEE-98A1-529F-B564-95C3EB406259}"
EndProject
Project("{FAE04EC0-301F-11D3-BF4B-00C04F79EFBC}") = "NotificationService.Domain", "backend\services\NotificationService\src\NotificationService.Domain\NotificationService.Domain.csproj", "{E8539CCB-564F-4AFA-A660-BF022F765D9B}"
EndProject
Project("{FAE04EC0-301F-11D3-BF4B-00C04F79EFBC}") = "NotificationService.Application", "backend\services\NotificationService\src\NotificationService.Application\NotificationService.Application.csproj", "{6BAEF031-B860-4C90-9FF7-76461105A144}"
EndProject
Project("{FAE04EC0-301F-11D3-BF4B-00C04F79EFBC}") = "NotificationService.Infrastructure", "backend\services\NotificationService\src\NotificationService.Infrastructure\NotificationService.Infrastructure.csproj", "{48CB17E1-3133-4F80-904C-A8FA6E7E011F}"
EndProject
Project("{FAE04EC0-301F-11D3-BF4B-00C04F79EFBC}") = "NotificationService.Api", "backend\services\NotificationService\src\NotificationService.Api\NotificationService.Api.csproj", "{5E4D8E01-20E9-4C0C-B1DE-86367B74AA73}"
EndProject
Project("{2150E333-8FDC-42A3-9474-1A3956D46DE8}") = "tests", "tests", "{994F0094-4453-B073-8ADD-88396438895B}"
EndProject
Project("{FAE04EC0-301F-11D3-BF4B-00C04F79EFBC}") = "NotificationService.UnitTests", "backend\services\NotificationService\tests\NotificationService.UnitTests\NotificationService.UnitTests.csproj", "{7A6486BB-2A2E-4518-A15E-6267AC546F6B}"
EndProject
Project("{FAE04EC0-301F-11D3-BF4B-00C04F79EFBC}") = "NotificationService.IntegrationTests", "backend\services\NotificationService\tests\NotificationService.IntegrationTests\NotificationService.IntegrationTests.csproj", "{4CE3A4DD-D577-41A3-9A80-3FE989BE1574}"
EndProject
Project("{2150E333-8FDC-42A3-9474-1A3956D46DE8}") = "Gateway", "Gateway", "{E7BDDBC6-9FD1-D1D7-ACD8-2C4F8E3D2461}"
EndProject
Project("{2150E333-8FDC-42A3-9474-1A3956D46DE8}") = "src", "src", "{F8691A4F-CEDB-1E15-E612-3146EE04F3E3}"
EndProject
Project("{FAE04EC0-301F-11D3-BF4B-00C04F79EFBC}") = "Gateway", "backend\services\Gateway\src\Gateway.csproj", "{5C789F5F-378F-4E26-9A65-A9DC6879695F}"
EndProject
Project("{2150E333-8FDC-42A3-9474-1A3956D46DE8}") = "ContentService", "ContentService", "{F683A2BF-B18A-76C4-8DFE-125E2E151B1C}"
EndProject
Project("{2150E333-8FDC-42A3-9474-1A3956D46DE8}") = "src", "src", "{4A9CE764-A8D3-12B4-23C8-8D23E3746FC4}"
EndProject
Project("{FAE04EC0-301F-11D3-BF4B-00C04F79EFBC}") = "ContentService.Domain", "backend\services\ContentService\src\ContentService.Domain\ContentService.Domain.csproj", "{02A08510-CCAB-46D3-A8AE-7AD7B2C7637E}"
EndProject
Project("{FAE04EC0-301F-11D3-BF4B-00C04F79EFBC}") = "ContentService.Application", "backend\services\ContentService\src\ContentService.Application\ContentService.Application.csproj", "{EA1E6B88-B162-402C-934F-2EEA6D4A3E3A}"
EndProject
Project("{FAE04EC0-301F-11D3-BF4B-00C04F79EFBC}") = "ContentService.Infrastructure", "backend\services\ContentService\src\ContentService.Infrastructure\ContentService.Infrastructure.csproj", "{710A49DB-BB63-41C4-9311-0A803A2A07F1}"
EndProject
Project("{FAE04EC0-301F-11D3-BF4B-00C04F79EFBC}") = "ContentService.API", "backend\services\ContentService\src\ContentService.API\ContentService.API.csproj", "{9B47A14F-E760-4139-A479-0838A52CA0D9}"
EndProject
Global
	GlobalSection(SolutionConfigurationPlatforms) = preSolution
		Debug|Any CPU = Debug|Any CPU
		Debug|x64 = Debug|x64
		Debug|x86 = Debug|x86
		Release|Any CPU = Release|Any CPU
		Release|x64 = Release|x64
		Release|x86 = Release|x86
	EndGlobalSection
	GlobalSection(ProjectConfigurationPlatforms) = postSolution
		{9964C69C-1284-436D-A93C-263B4FA26A7B}.Debug|Any CPU.ActiveCfg = Debug|Any CPU
		{9964C69C-1284-436D-A93C-263B4FA26A7B}.Debug|Any CPU.Build.0 = Debug|Any CPU
		{9964C69C-1284-436D-A93C-263B4FA26A7B}.Debug|x64.ActiveCfg = Debug|Any CPU
		{9964C69C-1284-436D-A93C-263B4FA26A7B}.Debug|x64.Build.0 = Debug|Any CPU
		{9964C69C-1284-436D-A93C-263B4FA26A7B}.Debug|x86.ActiveCfg = Debug|Any CPU
		{9964C69C-1284-436D-A93C-263B4FA26A7B}.Debug|x86.Build.0 = Debug|Any CPU
		{9964C69C-1284-436D-A93C-263B4FA26A7B}.Release|Any CPU.ActiveCfg = Release|Any CPU
		{9964C69C-1284-436D-A93C-263B4FA26A7B}.Release|Any CPU.Build.0 = Release|Any CPU
		{9964C69C-1284-436D-A93C-263B4FA26A7B}.Release|x64.ActiveCfg = Release|Any CPU
		{9964C69C-1284-436D-A93C-263B4FA26A7B}.Release|x64.Build.0 = Release|Any CPU
		{9964C69C-1284-436D-A93C-263B4FA26A7B}.Release|x86.ActiveCfg = Release|Any CPU
		{9964C69C-1284-436D-A93C-263B4FA26A7B}.Release|x86.Build.0 = Release|Any CPU
		{180FE240-86A5-4F71-9F8C-BAE7F7BD00C7}.Debug|Any CPU.ActiveCfg = Debug|Any CPU
		{180FE240-86A5-4F71-9F8C-BAE7F7BD00C7}.Debug|Any CPU.Build.0 = Debug|Any CPU
		{180FE240-86A5-4F71-9F8C-BAE7F7BD00C7}.Debug|x64.ActiveCfg = Debug|Any CPU
		{180FE240-86A5-4F71-9F8C-BAE7F7BD00C7}.Debug|x64.Build.0 = Debug|Any CPU
		{180FE240-86A5-4F71-9F8C-BAE7F7BD00C7}.Debug|x86.ActiveCfg = Debug|Any CPU
		{180FE240-86A5-4F71-9F8C-BAE7F7BD00C7}.Debug|x86.Build.0 = Debug|Any CPU
		{180FE240-86A5-4F71-9F8C-BAE7F7BD00C7}.Release|Any CPU.ActiveCfg = Release|Any CPU
		{180FE240-86A5-4F71-9F8C-BAE7F7BD00C7}.Release|Any CPU.Build.0 = Release|Any CPU
		{180FE240-86A5-4F71-9F8C-BAE7F7BD00C7}.Release|x64.ActiveCfg = Release|Any CPU
		{180FE240-86A5-4F71-9F8C-BAE7F7BD00C7}.Release|x64.Build.0 = Release|Any CPU
		{180FE240-86A5-4F71-9F8C-BAE7F7BD00C7}.Release|x86.ActiveCfg = Release|Any CPU
		{180FE240-86A5-4F71-9F8C-BAE7F7BD00C7}.Release|x86.Build.0 = Release|Any CPU
		{093C4427-AAE9-48A4-B085-0D4327497D4B}.Debug|Any CPU.ActiveCfg = Debug|Any CPU
		{093C4427-AAE9-48A4-B085-0D4327497D4B}.Debug|Any CPU.Build.0 = Debug|Any CPU
		{093C4427-AAE9-48A4-B085-0D4327497D4B}.Debug|x64.ActiveCfg = Debug|Any CPU
		{093C4427-AAE9-48A4-B085-0D4327497D4B}.Debug|x64.Build.0 = Debug|Any CPU
		{093C4427-AAE9-48A4-B085-0D4327497D4B}.Debug|x86.ActiveCfg = Debug|Any CPU
		{093C4427-AAE9-48A4-B085-0D4327497D4B}.Debug|x86.Build.0 = Debug|Any CPU
		{093C4427-AAE9-48A4-B085-0D4327497D4B}.Release|Any CPU.ActiveCfg = Release|Any CPU
		{093C4427-AAE9-48A4-B085-0D4327497D4B}.Release|Any CPU.Build.0 = Release|Any CPU
		{093C4427-AAE9-48A4-B085-0D4327497D4B}.Release|x64.ActiveCfg = Release|Any CPU
		{093C4427-AAE9-48A4-B085-0D4327497D4B}.Release|x64.Build.0 = Release|Any CPU
		{093C4427-AAE9-48A4-B085-0D4327497D4B}.Release|x86.ActiveCfg = Release|Any CPU
		{093C4427-AAE9-48A4-B085-0D4327497D4B}.Release|x86.Build.0 = Release|Any CPU
		{60B0044E-5E22-4ABF-A1F6-DD655C05DDBB}.Debug|Any CPU.ActiveCfg = Debug|Any CPU
		{60B0044E-5E22-4ABF-A1F6-DD655C05DDBB}.Debug|Any CPU.Build.0 = Debug|Any CPU
		{60B0044E-5E22-4ABF-A1F6-DD655C05DDBB}.Debug|x64.ActiveCfg = Debug|Any CPU
		{60B0044E-5E22-4ABF-A1F6-DD655C05DDBB}.Debug|x64.Build.0 = Debug|Any CPU
		{60B0044E-5E22-4ABF-A1F6-DD655C05DDBB}.Debug|x86.ActiveCfg = Debug|Any CPU
		{60B0044E-5E22-4ABF-A1F6-DD655C05DDBB}.Debug|x86.Build.0 = Debug|Any CPU
		{60B0044E-5E22-4ABF-A1F6-DD655C05DDBB}.Release|Any CPU.ActiveCfg = Release|Any CPU
		{60B0044E-5E22-4ABF-A1F6-DD655C05DDBB}.Release|Any CPU.Build.0 = Release|Any CPU
		{60B0044E-5E22-4ABF-A1F6-DD655C05DDBB}.Release|x64.ActiveCfg = Release|Any CPU
		{60B0044E-5E22-4ABF-A1F6-DD655C05DDBB}.Release|x64.Build.0 = Release|Any CPU
		{60B0044E-5E22-4ABF-A1F6-DD655C05DDBB}.Release|x86.ActiveCfg = Release|Any CPU
		{60B0044E-5E22-4ABF-A1F6-DD655C05DDBB}.Release|x86.Build.0 = Release|Any CPU
		{A4B45029-1AE8-4B29-9323-9E4C9F1458A7}.Debug|Any CPU.ActiveCfg = Debug|Any CPU
		{A4B45029-1AE8-4B29-9323-9E4C9F1458A7}.Debug|Any CPU.Build.0 = Debug|Any CPU
		{A4B45029-1AE8-4B29-9323-9E4C9F1458A7}.Debug|x64.ActiveCfg = Debug|Any CPU
		{A4B45029-1AE8-4B29-9323-9E4C9F1458A7}.Debug|x64.Build.0 = Debug|Any CPU
		{A4B45029-1AE8-4B29-9323-9E4C9F1458A7}.Debug|x86.ActiveCfg = Debug|Any CPU
		{A4B45029-1AE8-4B29-9323-9E4C9F1458A7}.Debug|x86.Build.0 = Debug|Any CPU
		{A4B45029-1AE8-4B29-9323-9E4C9F1458A7}.Release|Any CPU.ActiveCfg = Release|Any CPU
		{A4B45029-1AE8-4B29-9323-9E4C9F1458A7}.Release|Any CPU.Build.0 = Release|Any CPU
		{A4B45029-1AE8-4B29-9323-9E4C9F1458A7}.Release|x64.ActiveCfg = Release|Any CPU
		{A4B45029-1AE8-4B29-9323-9E4C9F1458A7}.Release|x64.Build.0 = Release|Any CPU
		{A4B45029-1AE8-4B29-9323-9E4C9F1458A7}.Release|x86.ActiveCfg = Release|Any CPU
		{A4B45029-1AE8-4B29-9323-9E4C9F1458A7}.Release|x86.Build.0 = Release|Any CPU
		{DAFA445C-C796-4B8A-9EFE-98514DEA01F7}.Debug|Any CPU.ActiveCfg = Debug|Any CPU
		{DAFA445C-C796-4B8A-9EFE-98514DEA01F7}.Debug|Any CPU.Build.0 = Debug|Any CPU
		{DAFA445C-C796-4B8A-9EFE-98514DEA01F7}.Debug|x64.ActiveCfg = Debug|Any CPU
		{DAFA445C-C796-4B8A-9EFE-98514DEA01F7}.Debug|x64.Build.0 = Debug|Any CPU
		{DAFA445C-C796-4B8A-9EFE-98514DEA01F7}.Debug|x86.ActiveCfg = Debug|Any CPU
		{DAFA445C-C796-4B8A-9EFE-98514DEA01F7}.Debug|x86.Build.0 = Debug|Any CPU
		{DAFA445C-C796-4B8A-9EFE-98514DEA01F7}.Release|Any CPU.ActiveCfg = Release|Any CPU
		{DAFA445C-C796-4B8A-9EFE-98514DEA01F7}.Release|Any CPU.Build.0 = Release|Any CPU
		{DAFA445C-C796-4B8A-9EFE-98514DEA01F7}.Release|x64.ActiveCfg = Release|Any CPU
		{DAFA445C-C796-4B8A-9EFE-98514DEA01F7}.Release|x64.Build.0 = Release|Any CPU
		{DAFA445C-C796-4B8A-9EFE-98514DEA01F7}.Release|x86.ActiveCfg = Release|Any CPU
		{DAFA445C-C796-4B8A-9EFE-98514DEA01F7}.Release|x86.Build.0 = Release|Any CPU
		{F39BED0B-F69F-4B0A-8D04-8569CD6D09CC}.Debug|Any CPU.ActiveCfg = Debug|Any CPU
		{F39BED0B-F69F-4B0A-8D04-8569CD6D09CC}.Debug|Any CPU.Build.0 = Debug|Any CPU
		{F39BED0B-F69F-4B0A-8D04-8569CD6D09CC}.Debug|x64.ActiveCfg = Debug|Any CPU
		{F39BED0B-F69F-4B0A-8D04-8569CD6D09CC}.Debug|x64.Build.0 = Debug|Any CPU
		{F39BED0B-F69F-4B0A-8D04-8569CD6D09CC}.Debug|x86.ActiveCfg = Debug|Any CPU
		{F39BED0B-F69F-4B0A-8D04-8569CD6D09CC}.Debug|x86.Build.0 = Debug|Any CPU
		{F39BED0B-F69F-4B0A-8D04-8569CD6D09CC}.Release|Any CPU.ActiveCfg = Release|Any CPU
		{F39BED0B-F69F-4B0A-8D04-8569CD6D09CC}.Release|Any CPU.Build.0 = Release|Any CPU
		{F39BED0B-F69F-4B0A-8D04-8569CD6D09CC}.Release|x64.ActiveCfg = Release|Any CPU
		{F39BED0B-F69F-4B0A-8D04-8569CD6D09CC}.Release|x64.Build.0 = Release|Any CPU
		{F39BED0B-F69F-4B0A-8D04-8569CD6D09CC}.Release|x86.ActiveCfg = Release|Any CPU
		{F39BED0B-F69F-4B0A-8D04-8569CD6D09CC}.Release|x86.Build.0 = Release|Any CPU
		{A7CFF56E-DA70-4BB2-B9B0-7FB7B77FF50D}.Debug|Any CPU.ActiveCfg = Debug|Any CPU
		{A7CFF56E-DA70-4BB2-B9B0-7FB7B77FF50D}.Debug|Any CPU.Build.0 = Debug|Any CPU
		{A7CFF56E-DA70-4BB2-B9B0-7FB7B77FF50D}.Debug|x64.ActiveCfg = Debug|Any CPU
		{A7CFF56E-DA70-4BB2-B9B0-7FB7B77FF50D}.Debug|x64.Build.0 = Debug|Any CPU
		{A7CFF56E-DA70-4BB2-B9B0-7FB7B77FF50D}.Debug|x86.ActiveCfg = Debug|Any CPU
		{A7CFF56E-DA70-4BB2-B9B0-7FB7B77FF50D}.Debug|x86.Build.0 = Debug|Any CPU
		{A7CFF56E-DA70-4BB2-B9B0-7FB7B77FF50D}.Release|Any CPU.ActiveCfg = Release|Any CPU
		{A7CFF56E-DA70-4BB2-B9B0-7FB7B77FF50D}.Release|Any CPU.Build.0 = Release|Any CPU
		{A7CFF56E-DA70-4BB2-B9B0-7FB7B77FF50D}.Release|x64.ActiveCfg = Release|Any CPU
		{A7CFF56E-DA70-4BB2-B9B0-7FB7B77FF50D}.Release|x64.Build.0 = Release|Any CPU
		{A7CFF56E-DA70-4BB2-B9B0-7FB7B77FF50D}.Release|x86.ActiveCfg = Release|Any CPU
		{A7CFF56E-DA70-4BB2-B9B0-7FB7B77FF50D}.Release|x86.Build.0 = Release|Any CPU
		{4D2DA476-6782-4CCC-924E-1175898A0DDF}.Debug|Any CPU.ActiveCfg = Debug|Any CPU
		{4D2DA476-6782-4CCC-924E-1175898A0DDF}.Debug|Any CPU.Build.0 = Debug|Any CPU
		{4D2DA476-6782-4CCC-924E-1175898A0DDF}.Debug|x64.ActiveCfg = Debug|Any CPU
		{4D2DA476-6782-4CCC-924E-1175898A0DDF}.Debug|x64.Build.0 = Debug|Any CPU
		{4D2DA476-6782-4CCC-924E-1175898A0DDF}.Debug|x86.ActiveCfg = Debug|Any CPU
		{4D2DA476-6782-4CCC-924E-1175898A0DDF}.Debug|x86.Build.0 = Debug|Any CPU
		{4D2DA476-6782-4CCC-924E-1175898A0DDF}.Release|Any CPU.ActiveCfg = Release|Any CPU
		{4D2DA476-6782-4CCC-924E-1175898A0DDF}.Release|Any CPU.Build.0 = Release|Any CPU
		{4D2DA476-6782-4CCC-924E-1175898A0DDF}.Release|x64.ActiveCfg = Release|Any CPU
		{4D2DA476-6782-4CCC-924E-1175898A0DDF}.Release|x64.Build.0 = Release|Any CPU
		{4D2DA476-6782-4CCC-924E-1175898A0DDF}.Release|x86.ActiveCfg = Release|Any CPU
		{4D2DA476-6782-4CCC-924E-1175898A0DDF}.Release|x86.Build.0 = Release|Any CPU
		{452CE2DF-DD01-4898-AC96-2131D4D921FF}.Debug|Any CPU.ActiveCfg = Debug|Any CPU
		{452CE2DF-DD01-4898-AC96-2131D4D921FF}.Debug|Any CPU.Build.0 = Debug|Any CPU
		{452CE2DF-DD01-4898-AC96-2131D4D921FF}.Debug|x64.ActiveCfg = Debug|Any CPU
		{452CE2DF-DD01-4898-AC96-2131D4D921FF}.Debug|x64.Build.0 = Debug|Any CPU
		{452CE2DF-DD01-4898-AC96-2131D4D921FF}.Debug|x86.ActiveCfg = Debug|Any CPU
		{452CE2DF-DD01-4898-AC96-2131D4D921FF}.Debug|x86.Build.0 = Debug|Any CPU
		{452CE2DF-DD01-4898-AC96-2131D4D921FF}.Release|Any CPU.ActiveCfg = Release|Any CPU
		{452CE2DF-DD01-4898-AC96-2131D4D921FF}.Release|Any CPU.Build.0 = Release|Any CPU
		{452CE2DF-DD01-4898-AC96-2131D4D921FF}.Release|x64.ActiveCfg = Release|Any CPU
		{452CE2DF-DD01-4898-AC96-2131D4D921FF}.Release|x64.Build.0 = Release|Any CPU
		{452CE2DF-DD01-4898-AC96-2131D4D921FF}.Release|x86.ActiveCfg = Release|Any CPU
		{452CE2DF-DD01-4898-AC96-2131D4D921FF}.Release|x86.Build.0 = Release|Any CPU
		{D21F4A80-8557-4345-BCAF-09BD506AFEA7}.Debug|Any CPU.ActiveCfg = Debug|Any CPU
		{D21F4A80-8557-4345-BCAF-09BD506AFEA7}.Debug|Any CPU.Build.0 = Debug|Any CPU
		{D21F4A80-8557-4345-BCAF-09BD506AFEA7}.Debug|x64.ActiveCfg = Debug|Any CPU
		{D21F4A80-8557-4345-BCAF-09BD506AFEA7}.Debug|x64.Build.0 = Debug|Any CPU
		{D21F4A80-8557-4345-BCAF-09BD506AFEA7}.Debug|x86.ActiveCfg = Debug|Any CPU
		{D21F4A80-8557-4345-BCAF-09BD506AFEA7}.Debug|x86.Build.0 = Debug|Any CPU
		{D21F4A80-8557-4345-BCAF-09BD506AFEA7}.Release|Any CPU.ActiveCfg = Release|Any CPU
		{D21F4A80-8557-4345-BCAF-09BD506AFEA7}.Release|Any CPU.Build.0 = Release|Any CPU
		{D21F4A80-8557-4345-BCAF-09BD506AFEA7}.Release|x64.ActiveCfg = Release|Any CPU
		{D21F4A80-8557-4345-BCAF-09BD506AFEA7}.Release|x64.Build.0 = Release|Any CPU
		{D21F4A80-8557-4345-BCAF-09BD506AFEA7}.Release|x86.ActiveCfg = Release|Any CPU
		{D21F4A80-8557-4345-BCAF-09BD506AFEA7}.Release|x86.Build.0 = Release|Any CPU
		{7550CAED-E051-4309-8F5A-A0999DB5BD9F}.Debug|Any CPU.ActiveCfg = Debug|Any CPU
		{7550CAED-E051-4309-8F5A-A0999DB5BD9F}.Debug|Any CPU.Build.0 = Debug|Any CPU
		{7550CAED-E051-4309-8F5A-A0999DB5BD9F}.Debug|x64.ActiveCfg = Debug|Any CPU
		{7550CAED-E051-4309-8F5A-A0999DB5BD9F}.Debug|x64.Build.0 = Debug|Any CPU
		{7550CAED-E051-4309-8F5A-A0999DB5BD9F}.Debug|x86.ActiveCfg = Debug|Any CPU
		{7550CAED-E051-4309-8F5A-A0999DB5BD9F}.Debug|x86.Build.0 = Debug|Any CPU
		{7550CAED-E051-4309-8F5A-A0999DB5BD9F}.Release|Any CPU.ActiveCfg = Release|Any CPU
		{7550CAED-E051-4309-8F5A-A0999DB5BD9F}.Release|Any CPU.Build.0 = Release|Any CPU
		{7550CAED-E051-4309-8F5A-A0999DB5BD9F}.Release|x64.ActiveCfg = Release|Any CPU
		{7550CAED-E051-4309-8F5A-A0999DB5BD9F}.Release|x64.Build.0 = Release|Any CPU
		{7550CAED-E051-4309-8F5A-A0999DB5BD9F}.Release|x86.ActiveCfg = Release|Any CPU
		{7550CAED-E051-4309-8F5A-A0999DB5BD9F}.Release|x86.Build.0 = Release|Any CPU
		{0BE3CD0D-0B54-438D-A0A9-9EF9F0A4943E}.Debug|Any CPU.ActiveCfg = Debug|Any CPU
		{0BE3CD0D-0B54-438D-A0A9-9EF9F0A4943E}.Debug|Any CPU.Build.0 = Debug|Any CPU
		{0BE3CD0D-0B54-438D-A0A9-9EF9F0A4943E}.Debug|x64.ActiveCfg = Debug|Any CPU
		{0BE3CD0D-0B54-438D-A0A9-9EF9F0A4943E}.Debug|x64.Build.0 = Debug|Any CPU
		{0BE3CD0D-0B54-438D-A0A9-9EF9F0A4943E}.Debug|x86.ActiveCfg = Debug|Any CPU
		{0BE3CD0D-0B54-438D-A0A9-9EF9F0A4943E}.Debug|x86.Build.0 = Debug|Any CPU
		{0BE3CD0D-0B54-438D-A0A9-9EF9F0A4943E}.Release|Any CPU.ActiveCfg = Release|Any CPU
		{0BE3CD0D-0B54-438D-A0A9-9EF9F0A4943E}.Release|Any CPU.Build.0 = Release|Any CPU
		{0BE3CD0D-0B54-438D-A0A9-9EF9F0A4943E}.Release|x64.ActiveCfg = Release|Any CPU
		{0BE3CD0D-0B54-438D-A0A9-9EF9F0A4943E}.Release|x64.Build.0 = Release|Any CPU
		{0BE3CD0D-0B54-438D-A0A9-9EF9F0A4943E}.Release|x86.ActiveCfg = Release|Any CPU
		{0BE3CD0D-0B54-438D-A0A9-9EF9F0A4943E}.Release|x86.Build.0 = Release|Any CPU
		{1CF30A14-EA19-4A82-BF27-0E051818C120}.Debug|Any CPU.ActiveCfg = Debug|Any CPU
		{1CF30A14-EA19-4A82-BF27-0E051818C120}.Debug|Any CPU.Build.0 = Debug|Any CPU
		{1CF30A14-EA19-4A82-BF27-0E051818C120}.Debug|x64.ActiveCfg = Debug|Any CPU
		{1CF30A14-EA19-4A82-BF27-0E051818C120}.Debug|x64.Build.0 = Debug|Any CPU
		{1CF30A14-EA19-4A82-BF27-0E051818C120}.Debug|x86.ActiveCfg = Debug|Any CPU
		{1CF30A14-EA19-4A82-BF27-0E051818C120}.Debug|x86.Build.0 = Debug|Any CPU
		{1CF30A14-EA19-4A82-BF27-0E051818C120}.Release|Any CPU.ActiveCfg = Release|Any CPU
		{1CF30A14-EA19-4A82-BF27-0E051818C120}.Release|Any CPU.Build.0 = Release|Any CPU
		{1CF30A14-EA19-4A82-BF27-0E051818C120}.Release|x64.ActiveCfg = Release|Any CPU
		{1CF30A14-EA19-4A82-BF27-0E051818C120}.Release|x64.Build.0 = Release|Any CPU
		{1CF30A14-EA19-4A82-BF27-0E051818C120}.Release|x86.ActiveCfg = Release|Any CPU
		{1CF30A14-EA19-4A82-BF27-0E051818C120}.Release|x86.Build.0 = Release|Any CPU
		{F5E4B35F-73B2-49CA-AA4C-3350B32EBEC9}.Debug|Any CPU.ActiveCfg = Debug|Any CPU
		{F5E4B35F-73B2-49CA-AA4C-3350B32EBEC9}.Debug|Any CPU.Build.0 = Debug|Any CPU
		{F5E4B35F-73B2-49CA-AA4C-3350B32EBEC9}.Debug|x64.ActiveCfg = Debug|Any CPU
		{F5E4B35F-73B2-49CA-AA4C-3350B32EBEC9}.Debug|x64.Build.0 = Debug|Any CPU
		{F5E4B35F-73B2-49CA-AA4C-3350B32EBEC9}.Debug|x86.ActiveCfg = Debug|Any CPU
		{F5E4B35F-73B2-49CA-AA4C-3350B32EBEC9}.Debug|x86.Build.0 = Debug|Any CPU
		{F5E4B35F-73B2-49CA-AA4C-3350B32EBEC9}.Release|Any CPU.ActiveCfg = Release|Any CPU
		{F5E4B35F-73B2-49CA-AA4C-3350B32EBEC9}.Release|Any CPU.Build.0 = Release|Any CPU
		{F5E4B35F-73B2-49CA-AA4C-3350B32EBEC9}.Release|x64.ActiveCfg = Release|Any CPU
		{F5E4B35F-73B2-49CA-AA4C-3350B32EBEC9}.Release|x64.Build.0 = Release|Any CPU
		{F5E4B35F-73B2-49CA-AA4C-3350B32EBEC9}.Release|x86.ActiveCfg = Release|Any CPU
		{F5E4B35F-73B2-49CA-AA4C-3350B32EBEC9}.Release|x86.Build.0 = Release|Any CPU
		{E8539CCB-564F-4AFA-A660-BF022F765D9B}.Debug|Any CPU.ActiveCfg = Debug|Any CPU
		{E8539CCB-564F-4AFA-A660-BF022F765D9B}.Debug|Any CPU.Build.0 = Debug|Any CPU
		{E8539CCB-564F-4AFA-A660-BF022F765D9B}.Debug|x64.ActiveCfg = Debug|Any CPU
		{E8539CCB-564F-4AFA-A660-BF022F765D9B}.Debug|x64.Build.0 = Debug|Any CPU
		{E8539CCB-564F-4AFA-A660-BF022F765D9B}.Debug|x86.ActiveCfg = Debug|Any CPU
		{E8539CCB-564F-4AFA-A660-BF022F765D9B}.Debug|x86.Build.0 = Debug|Any CPU
		{E8539CCB-564F-4AFA-A660-BF022F765D9B}.Release|Any CPU.ActiveCfg = Release|Any CPU
		{E8539CCB-564F-4AFA-A660-BF022F765D9B}.Release|Any CPU.Build.0 = Release|Any CPU
		{E8539CCB-564F-4AFA-A660-BF022F765D9B}.Release|x64.ActiveCfg = Release|Any CPU
		{E8539CCB-564F-4AFA-A660-BF022F765D9B}.Release|x64.Build.0 = Release|Any CPU
		{E8539CCB-564F-4AFA-A660-BF022F765D9B}.Release|x86.ActiveCfg = Release|Any CPU
		{E8539CCB-564F-4AFA-A660-BF022F765D9B}.Release|x86.Build.0 = Release|Any CPU
		{6BAEF031-B860-4C90-9FF7-76461105A144}.Debug|Any CPU.ActiveCfg = Debug|Any CPU
		{6BAEF031-B860-4C90-9FF7-76461105A144}.Debug|Any CPU.Build.0 = Debug|Any CPU
		{6BAEF031-B860-4C90-9FF7-76461105A144}.Debug|x64.ActiveCfg = Debug|Any CPU
		{6BAEF031-B860-4C90-9FF7-76461105A144}.Debug|x64.Build.0 = Debug|Any CPU
		{6BAEF031-B860-4C90-9FF7-76461105A144}.Debug|x86.ActiveCfg = Debug|Any CPU
		{6BAEF031-B860-4C90-9FF7-76461105A144}.Debug|x86.Build.0 = Debug|Any CPU
		{6BAEF031-B860-4C90-9FF7-76461105A144}.Release|Any CPU.ActiveCfg = Release|Any CPU
		{6BAEF031-B860-4C90-9FF7-76461105A144}.Release|Any CPU.Build.0 = Release|Any CPU
		{6BAEF031-B860-4C90-9FF7-76461105A144}.Release|x64.ActiveCfg = Release|Any CPU
		{6BAEF031-B860-4C90-9FF7-76461105A144}.Release|x64.Build.0 = Release|Any CPU
		{6BAEF031-B860-4C90-9FF7-76461105A144}.Release|x86.ActiveCfg = Release|Any CPU
		{6BAEF031-B860-4C90-9FF7-76461105A144}.Release|x86.Build.0 = Release|Any CPU
		{48CB17E1-3133-4F80-904C-A8FA6E7E011F}.Debug|Any CPU.ActiveCfg = Debug|Any CPU
		{48CB17E1-3133-4F80-904C-A8FA6E7E011F}.Debug|Any CPU.Build.0 = Debug|Any CPU
		{48CB17E1-3133-4F80-904C-A8FA6E7E011F}.Debug|x64.ActiveCfg = Debug|Any CPU
		{48CB17E1-3133-4F80-904C-A8FA6E7E011F}.Debug|x64.Build.0 = Debug|Any CPU
		{48CB17E1-3133-4F80-904C-A8FA6E7E011F}.Debug|x86.ActiveCfg = Debug|Any CPU
		{48CB17E1-3133-4F80-904C-A8FA6E7E011F}.Debug|x86.Build.0 = Debug|Any CPU
		{48CB17E1-3133-4F80-904C-A8FA6E7E011F}.Release|Any CPU.ActiveCfg = Release|Any CPU
		{48CB17E1-3133-4F80-904C-A8FA6E7E011F}.Release|Any CPU.Build.0 = Release|Any CPU
		{48CB17E1-3133-4F80-904C-A8FA6E7E011F}.Release|x64.ActiveCfg = Release|Any CPU
		{48CB17E1-3133-4F80-904C-A8FA6E7E011F}.Release|x64.Build.0 = Release|Any CPU
		{48CB17E1-3133-4F80-904C-A8FA6E7E011F}.Release|x86.ActiveCfg = Release|Any CPU
		{48CB17E1-3133-4F80-904C-A8FA6E7E011F}.Release|x86.Build.0 = Release|Any CPU
		{5E4D8E01-20E9-4C0C-B1DE-86367B74AA73}.Debug|Any CPU.ActiveCfg = Debug|Any CPU
		{5E4D8E01-20E9-4C0C-B1DE-86367B74AA73}.Debug|Any CPU.Build.0 = Debug|Any CPU
		{5E4D8E01-20E9-4C0C-B1DE-86367B74AA73}.Debug|x64.ActiveCfg = Debug|Any CPU
		{5E4D8E01-20E9-4C0C-B1DE-86367B74AA73}.Debug|x64.Build.0 = Debug|Any CPU
		{5E4D8E01-20E9-4C0C-B1DE-86367B74AA73}.Debug|x86.ActiveCfg = Debug|Any CPU
		{5E4D8E01-20E9-4C0C-B1DE-86367B74AA73}.Debug|x86.Build.0 = Debug|Any CPU
		{5E4D8E01-20E9-4C0C-B1DE-86367B74AA73}.Release|Any CPU.ActiveCfg = Release|Any CPU
		{5E4D8E01-20E9-4C0C-B1DE-86367B74AA73}.Release|Any CPU.Build.0 = Release|Any CPU
		{5E4D8E01-20E9-4C0C-B1DE-86367B74AA73}.Release|x64.ActiveCfg = Release|Any CPU
		{5E4D8E01-20E9-4C0C-B1DE-86367B74AA73}.Release|x64.Build.0 = Release|Any CPU
		{5E4D8E01-20E9-4C0C-B1DE-86367B74AA73}.Release|x86.ActiveCfg = Release|Any CPU
		{5E4D8E01-20E9-4C0C-B1DE-86367B74AA73}.Release|x86.Build.0 = Release|Any CPU
		{7A6486BB-2A2E-4518-A15E-6267AC546F6B}.Debug|Any CPU.ActiveCfg = Debug|Any CPU
		{7A6486BB-2A2E-4518-A15E-6267AC546F6B}.Debug|Any CPU.Build.0 = Debug|Any CPU
		{7A6486BB-2A2E-4518-A15E-6267AC546F6B}.Debug|x64.ActiveCfg = Debug|Any CPU
		{7A6486BB-2A2E-4518-A15E-6267AC546F6B}.Debug|x64.Build.0 = Debug|Any CPU
		{7A6486BB-2A2E-4518-A15E-6267AC546F6B}.Debug|x86.ActiveCfg = Debug|Any CPU
		{7A6486BB-2A2E-4518-A15E-6267AC546F6B}.Debug|x86.Build.0 = Debug|Any CPU
		{7A6486BB-2A2E-4518-A15E-6267AC546F6B}.Release|Any CPU.ActiveCfg = Release|Any CPU
		{7A6486BB-2A2E-4518-A15E-6267AC546F6B}.Release|Any CPU.Build.0 = Release|Any CPU
		{7A6486BB-2A2E-4518-A15E-6267AC546F6B}.Release|x64.ActiveCfg = Release|Any CPU
		{7A6486BB-2A2E-4518-A15E-6267AC546F6B}.Release|x64.Build.0 = Release|Any CPU
		{7A6486BB-2A2E-4518-A15E-6267AC546F6B}.Release|x86.ActiveCfg = Release|Any CPU
		{7A6486BB-2A2E-4518-A15E-6267AC546F6B}.Release|x86.Build.0 = Release|Any CPU
		{4CE3A4DD-D577-41A3-9A80-3FE989BE1574}.Debug|Any CPU.ActiveCfg = Debug|Any CPU
		{4CE3A4DD-D577-41A3-9A80-3FE989BE1574}.Debug|Any CPU.Build.0 = Debug|Any CPU
		{4CE3A4DD-D577-41A3-9A80-3FE989BE1574}.Debug|x64.ActiveCfg = Debug|Any CPU
		{4CE3A4DD-D577-41A3-9A80-3FE989BE1574}.Debug|x64.Build.0 = Debug|Any CPU
		{4CE3A4DD-D577-41A3-9A80-3FE989BE1574}.Debug|x86.ActiveCfg = Debug|Any CPU
		{4CE3A4DD-D577-41A3-9A80-3FE989BE1574}.Debug|x86.Build.0 = Debug|Any CPU
		{4CE3A4DD-D577-41A3-9A80-3FE989BE1574}.Release|Any CPU.ActiveCfg = Release|Any CPU
		{4CE3A4DD-D577-41A3-9A80-3FE989BE1574}.Release|Any CPU.Build.0 = Release|Any CPU
		{4CE3A4DD-D577-41A3-9A80-3FE989BE1574}.Release|x64.ActiveCfg = Release|Any CPU
		{4CE3A4DD-D577-41A3-9A80-3FE989BE1574}.Release|x64.Build.0 = Release|Any CPU
		{4CE3A4DD-D577-41A3-9A80-3FE989BE1574}.Release|x86.ActiveCfg = Release|Any CPU
		{4CE3A4DD-D577-41A3-9A80-3FE989BE1574}.Release|x86.Build.0 = Release|Any CPU
		{5C789F5F-378F-4E26-9A65-A9DC6879695F}.Debug|Any CPU.ActiveCfg = Debug|Any CPU
		{5C789F5F-378F-4E26-9A65-A9DC6879695F}.Debug|Any CPU.Build.0 = Debug|Any CPU
		{5C789F5F-378F-4E26-9A65-A9DC6879695F}.Debug|x64.ActiveCfg = Debug|Any CPU
		{5C789F5F-378F-4E26-9A65-A9DC6879695F}.Debug|x64.Build.0 = Debug|Any CPU
		{5C789F5F-378F-4E26-9A65-A9DC6879695F}.Debug|x86.ActiveCfg = Debug|Any CPU
		{5C789F5F-378F-4E26-9A65-A9DC6879695F}.Debug|x86.Build.0 = Debug|Any CPU
		{5C789F5F-378F-4E26-9A65-A9DC6879695F}.Release|Any CPU.ActiveCfg = Release|Any CPU
		{5C789F5F-378F-4E26-9A65-A9DC6879695F}.Release|Any CPU.Build.0 = Release|Any CPU
		{5C789F5F-378F-4E26-9A65-A9DC6879695F}.Release|x64.ActiveCfg = Release|Any CPU
		{5C789F5F-378F-4E26-9A65-A9DC6879695F}.Release|x64.Build.0 = Release|Any CPU
		{5C789F5F-378F-4E26-9A65-A9DC6879695F}.Release|x86.ActiveCfg = Release|Any CPU
		{5C789F5F-378F-4E26-9A65-A9DC6879695F}.Release|x86.Build.0 = Release|Any CPU
		{02A08510-CCAB-46D3-A8AE-7AD7B2C7637E}.Debug|Any CPU.ActiveCfg = Debug|Any CPU
		{02A08510-CCAB-46D3-A8AE-7AD7B2C7637E}.Debug|Any CPU.Build.0 = Debug|Any CPU
		{02A08510-CCAB-46D3-A8AE-7AD7B2C7637E}.Debug|x64.ActiveCfg = Debug|Any CPU
		{02A08510-CCAB-46D3-A8AE-7AD7B2C7637E}.Debug|x64.Build.0 = Debug|Any CPU
		{02A08510-CCAB-46D3-A8AE-7AD7B2C7637E}.Debug|x86.ActiveCfg = Debug|Any CPU
		{02A08510-CCAB-46D3-A8AE-7AD7B2C7637E}.Debug|x86.Build.0 = Debug|Any CPU
		{02A08510-CCAB-46D3-A8AE-7AD7B2C7637E}.Release|Any CPU.ActiveCfg = Release|Any CPU
		{02A08510-CCAB-46D3-A8AE-7AD7B2C7637E}.Release|Any CPU.Build.0 = Release|Any CPU
		{02A08510-CCAB-46D3-A8AE-7AD7B2C7637E}.Release|x64.ActiveCfg = Release|Any CPU
		{02A08510-CCAB-46D3-A8AE-7AD7B2C7637E}.Release|x64.Build.0 = Release|Any CPU
		{02A08510-CCAB-46D3-A8AE-7AD7B2C7637E}.Release|x86.ActiveCfg = Release|Any CPU
		{02A08510-CCAB-46D3-A8AE-7AD7B2C7637E}.Release|x86.Build.0 = Release|Any CPU
		{EA1E6B88-B162-402C-934F-2EEA6D4A3E3A}.Debug|Any CPU.ActiveCfg = Debug|Any CPU
		{EA1E6B88-B162-402C-934F-2EEA6D4A3E3A}.Debug|Any CPU.Build.0 = Debug|Any CPU
		{EA1E6B88-B162-402C-934F-2EEA6D4A3E3A}.Debug|x64.ActiveCfg = Debug|Any CPU
		{EA1E6B88-B162-402C-934F-2EEA6D4A3E3A}.Debug|x64.Build.0 = Debug|Any CPU
		{EA1E6B88-B162-402C-934F-2EEA6D4A3E3A}.Debug|x86.ActiveCfg = Debug|Any CPU
		{EA1E6B88-B162-402C-934F-2EEA6D4A3E3A}.Debug|x86.Build.0 = Debug|Any CPU
		{EA1E6B88-B162-402C-934F-2EEA6D4A3E3A}.Release|Any CPU.ActiveCfg = Release|Any CPU
		{EA1E6B88-B162-402C-934F-2EEA6D4A3E3A}.Release|Any CPU.Build.0 = Release|Any CPU
		{EA1E6B88-B162-402C-934F-2EEA6D4A3E3A}.Release|x64.ActiveCfg = Release|Any CPU
		{EA1E6B88-B162-402C-934F-2EEA6D4A3E3A}.Release|x64.Build.0 = Release|Any CPU
		{EA1E6B88-B162-402C-934F-2EEA6D4A3E3A}.Release|x86.ActiveCfg = Release|Any CPU
		{EA1E6B88-B162-402C-934F-2EEA6D4A3E3A}.Release|x86.Build.0 = Release|Any CPU
		{710A49DB-BB63-41C4-9311-0A803A2A07F1}.Debug|Any CPU.ActiveCfg = Debug|Any CPU
		{710A49DB-BB63-41C4-9311-0A803A2A07F1}.Debug|Any CPU.Build.0 = Debug|Any CPU
		{710A49DB-BB63-41C4-9311-0A803A2A07F1}.Debug|x64.ActiveCfg = Debug|Any CPU
		{710A49DB-BB63-41C4-9311-0A803A2A07F1}.Debug|x64.Build.0 = Debug|Any CPU
		{710A49DB-BB63-41C4-9311-0A803A2A07F1}.Debug|x86.ActiveCfg = Debug|Any CPU
		{710A49DB-BB63-41C4-9311-0A803A2A07F1}.Debug|x86.Build.0 = Debug|Any CPU
		{710A49DB-BB63-41C4-9311-0A803A2A07F1}.Release|Any CPU.ActiveCfg = Release|Any CPU
		{710A49DB-BB63-41C4-9311-0A803A2A07F1}.Release|Any CPU.Build.0 = Release|Any CPU
		{710A49DB-BB63-41C4-9311-0A803A2A07F1}.Release|x64.ActiveCfg = Release|Any CPU
		{710A49DB-BB63-41C4-9311-0A803A2A07F1}.Release|x64.Build.0 = Release|Any CPU
		{710A49DB-BB63-41C4-9311-0A803A2A07F1}.Release|x86.ActiveCfg = Release|Any CPU
		{710A49DB-BB63-41C4-9311-0A803A2A07F1}.Release|x86.Build.0 = Release|Any CPU
		{9B47A14F-E760-4139-A479-0838A52CA0D9}.Debug|Any CPU.ActiveCfg = Debug|Any CPU
		{9B47A14F-E760-4139-A479-0838A52CA0D9}.Debug|Any CPU.Build.0 = Debug|Any CPU
		{9B47A14F-E760-4139-A479-0838A52CA0D9}.Debug|x64.ActiveCfg = Debug|Any CPU
		{9B47A14F-E760-4139-A479-0838A52CA0D9}.Debug|x64.Build.0 = Debug|Any CPU
		{9B47A14F-E760-4139-A479-0838A52CA0D9}.Debug|x86.ActiveCfg = Debug|Any CPU
		{9B47A14F-E760-4139-A479-0838A52CA0D9}.Debug|x86.Build.0 = Debug|Any CPU
		{9B47A14F-E760-4139-A479-0838A52CA0D9}.Release|Any CPU.ActiveCfg = Release|Any CPU
		{9B47A14F-E760-4139-A479-0838A52CA0D9}.Release|Any CPU.Build.0 = Release|Any CPU
		{9B47A14F-E760-4139-A479-0838A52CA0D9}.Release|x64.ActiveCfg = Release|Any CPU
		{9B47A14F-E760-4139-A479-0838A52CA0D9}.Release|x64.Build.0 = Release|Any CPU
		{9B47A14F-E760-4139-A479-0838A52CA0D9}.Release|x86.ActiveCfg = Release|Any CPU
		{9B47A14F-E760-4139-A479-0838A52CA0D9}.Release|x86.Build.0 = Release|Any CPU
	EndGlobalSection
	GlobalSection(SolutionProperties) = preSolution
		HideSolutionNode = FALSE
	EndGlobalSection
	GlobalSection(NestedProjects) = preSolution
		{B78A39BB-EFA7-05CB-3820-193A492A810C} = {4F52FD11-658E-A102-6CD3-7D7C16FFA15B}
		{9964C69C-1284-436D-A93C-263B4FA26A7B} = {B78A39BB-EFA7-05CB-3820-193A492A810C}
		{2D035A4D-AF61-D649-F5F7-A54561A3CFF4} = {4F52FD11-658E-A102-6CD3-7D7C16FFA15B}
		{180FE240-86A5-4F71-9F8C-BAE7F7BD00C7} = {2D035A4D-AF61-D649-F5F7-A54561A3CFF4}
		{80116189-D5F9-D6EC-C98D-5F7DB2F1B3A1} = {4F52FD11-658E-A102-6CD3-7D7C16FFA15B}
		{093C4427-AAE9-48A4-B085-0D4327497D4B} = {80116189-D5F9-D6EC-C98D-5F7DB2F1B3A1}
		{B7002682-C511-B755-F4DA-019F023A936F} = {1CDB8257-D98E-AF38-204D-5645D4EEB404}
		{60B0044E-5E22-4ABF-A1F6-DD655C05DDBB} = {B7002682-C511-B755-F4DA-019F023A936F}
		{A4B45029-1AE8-4B29-9323-9E4C9F1458A7} = {B7002682-C511-B755-F4DA-019F023A936F}
		{DAFA445C-C796-4B8A-9EFE-98514DEA01F7} = {B7002682-C511-B755-F4DA-019F023A936F}
		{F39BED0B-F69F-4B0A-8D04-8569CD6D09CC} = {B7002682-C511-B755-F4DA-019F023A936F}
		{D2505B2E-017E-9361-BC88-2ABC8DB4C32B} = {1CDB8257-D98E-AF38-204D-5645D4EEB404}
		{A7CFF56E-DA70-4BB2-B9B0-7FB7B77FF50D} = {D2505B2E-017E-9361-BC88-2ABC8DB4C32B}
		{4D2DA476-6782-4CCC-924E-1175898A0DDF} = {D2505B2E-017E-9361-BC88-2ABC8DB4C32B}
		{FDD3B01D-2D1E-62BC-06E4-AC249E101CD7} = {54C27F26-71CB-9721-02CF-9E5332C2F895}
		{452CE2DF-DD01-4898-AC96-2131D4D921FF} = {FDD3B01D-2D1E-62BC-06E4-AC249E101CD7}
		{D21F4A80-8557-4345-BCAF-09BD506AFEA7} = {FDD3B01D-2D1E-62BC-06E4-AC249E101CD7}
		{7550CAED-E051-4309-8F5A-A0999DB5BD9F} = {FDD3B01D-2D1E-62BC-06E4-AC249E101CD7}
		{0BE3CD0D-0B54-438D-A0A9-9EF9F0A4943E} = {FDD3B01D-2D1E-62BC-06E4-AC249E101CD7}
		{AF531F21-14D5-E161-8F78-37D6050257F8} = {54C27F26-71CB-9721-02CF-9E5332C2F895}
		{1CF30A14-EA19-4A82-BF27-0E051818C120} = {AF531F21-14D5-E161-8F78-37D6050257F8}
		{F5E4B35F-73B2-49CA-AA4C-3350B32EBEC9} = {AF531F21-14D5-E161-8F78-37D6050257F8}
		{30993AEE-98A1-529F-B564-95C3EB406259} = {0BAE62A9-2200-0262-2CB5-8EE825167370}
		{E8539CCB-564F-4AFA-A660-BF022F765D9B} = {30993AEE-98A1-529F-B564-95C3EB406259}
		{6BAEF031-B860-4C90-9FF7-76461105A144} = {30993AEE-98A1-529F-B564-95C3EB406259}
		{48CB17E1-3133-4F80-904C-A8FA6E7E011F} = {30993AEE-98A1-529F-B564-95C3EB406259}
		{5E4D8E01-20E9-4C0C-B1DE-86367B74AA73} = {30993AEE-98A1-529F-B564-95C3EB406259}
		{994F0094-4453-B073-8ADD-88396438895B} = {0BAE62A9-2200-0262-2CB5-8EE825167370}
		{7A6486BB-2A2E-4518-A15E-6267AC546F6B} = {994F0094-4453-B073-8ADD-88396438895B}
		{4CE3A4DD-D577-41A3-9A80-3FE989BE1574} = {994F0094-4453-B073-8ADD-88396438895B}
		{F8691A4F-CEDB-1E15-E612-3146EE04F3E3} = {E7BDDBC6-9FD1-D1D7-ACD8-2C4F8E3D2461}
		{5C789F5F-378F-4E26-9A65-A9DC6879695F} = {F8691A4F-CEDB-1E15-E612-3146EE04F3E3}
		{4A9CE764-A8D3-12B4-23C8-8D23E3746FC4} = {F683A2BF-B18A-76C4-8DFE-125E2E151B1C}
		{02A08510-CCAB-46D3-A8AE-7AD7B2C7637E} = {4A9CE764-A8D3-12B4-23C8-8D23E3746FC4}
		{EA1E6B88-B162-402C-934F-2EEA6D4A3E3A} = {4A9CE764-A8D3-12B4-23C8-8D23E3746FC4}
		{710A49DB-BB63-41C4-9311-0A803A2A07F1} = {4A9CE764-A8D3-12B4-23C8-8D23E3746FC4}
		{9B47A14F-E760-4139-A479-0838A52CA0D9} = {4A9CE764-A8D3-12B4-23C8-8D23E3746FC4}
	EndGlobalSection
EndGlobal
